
Microsoft Visual Studio Solution File, Format Version 12.00
# Visual Studio Version 17
VisualStudioVersion = 17.8.34408.163
MinimumVisualStudioVersion = 10.0.40219.1
Project("{8BC9CEB8-8B4A-11D0-8D11-00A0C91BC942}") = "GAMES101_HW1", "GAMES101\HW1\HW1.vcxproj", "{DEC20B7C-F526-42ED-9C90-C8BEC83A7CFB}"
EndProject
Project("{8BC9CEB8-8B4A-11D0-8D11-00A0C91BC942}") = "GAMES101_HW2", "GAMES101\HW2\HW2.vcxproj", "{A52D454A-C346-4919-8576-A9B716733485}"
EndProject
Project("{8BC9CEB8-8B4A-11D0-8D11-00A0C91BC942}") = "GAMES101_HW3", "GAMES101\HW3\HW3.vcxproj", "{AEAD3643-B07B-437A-ACF7-0CD0A85EB254}"
EndProject
Project("{8BC9CEB8-8B4A-11D0-8D11-00A0C91BC942}") = "GAMES101_HW4", "GAMES101\HW4\HW4.vcxproj", "{5E7CE633-34A1-49E4-9E68-8CE432A703A5}"
EndProject
Project("{8BC9CEB8-8B4A-11D0-8D11-00A0C91BC942}") = "GAMES101_HW5", "GAMES101\HW5\HW5.vcxproj", "{EEF03060-ED4F-453D-ACE3-C5D1768864FC}"
EndProject
Project("{8BC9CEB8-8B4A-11D0-8D11-00A0C91BC942}") = "GAMES101_HW6", "GAMES101\HW6\HW6.vcxproj", "{D9416893-7D47-4861-9748-84C9EFA09BC0}"
EndProject
Project("{8BC9CEB8-8B4A-11D0-8D11-00A0C91BC942}") = "GAMES101_HW7", "GAMES101\HW7\HW7.vcxproj", "{D69A7129-96A3-461D-8204-E55F20D05659}"
EndProject
Project("{8BC9CEB8-8B4A-11D0-8D11-00A0C91BC942}") = "RayTacingInOneWeekend_v4", "ray_tracing_in_one_weekend_v4\ray_tracing_in_one_weekend_v4.vcxproj", "{DA188C6D-9ECE-46F0-975C-1E51D556FB5D}"
EndProject
Project("{8BC9CEB8-8B4A-11D0-8D11-00A0C91BC942}") = "TinyRenderer_Lesson0", "tinyrenderer\Lesson0\Lesson0.vcxproj", "{73A5E2DC-20EF-4648-963E-F3DC60420B0F}"
EndProject
Project("{8BC9CEB8-8B4A-11D0-8D11-00A0C91BC942}") = "TinyRenderer_Lesson1", "tinyrenderer\Lesson1\Lesson1.vcxproj", "{FA4C6711-5E10-4FA7-AF8E-7DA8B502E8C9}"
EndProject
Project("{8BC9CEB8-8B4A-11D0-8D11-00A0C91BC942}") = "TinyRenderer_Lesson2", "tinyrenderer\Lesson2\Lesson2.vcxproj", "{732951CB-7BB1-4AC0-9831-C6505D2695B4}"
EndProject
Project("{8BC9CEB8-8B4A-11D0-8D11-00A0C91BC942}") = "TinyRenderer_Lesson2_Final", "tinyrenderer\Lesson2_Final\Lesson2_Final.vcxproj", "{F8A17DA9-B82B-4961-AD84-BF18026946AD}"
EndProject
Project("{8BC9CEB8-8B4A-11D0-8D11-00A0C91BC942}") = "demo", "OpenGL\demo\demo.vcxproj", "{9F2C6D0D-C668-41F7-93FA-DFB1B24B0814}"
EndProject
Project("{8BC9CEB8-8B4A-11D0-8D11-00A0C91BC942}") = "TinyRenderer_Lesson3", "tinyrenderer\Lesson3\Lesson3.vcxproj", "{9E1FD2AA-25FF-489D-82E1-68148FBA701B}"
EndProject
Project("{8BC9CEB8-8B4A-11D0-8D11-00A0C91BC942}") = "TinyRenderer_Lesson3_Final", "tinyrenderer\Lesson3_Final\Lesson3_Final.vcxproj", "{88796D9A-5AA4-4244-992C-8B207DD91F60}"
EndProject
Project("{8BC9CEB8-8B4A-11D0-8D11-00A0C91BC942}") = "Line Intersection", "Plug-and-play\lineIntersection\lineIntersection.vcxproj", "{16B2B7BB-758F-40BE-84D1-CC9CA4BBEB6A}"
EndProject
Project("{8BC9CEB8-8B4A-11D0-8D11-00A0C91BC942}") = "8SSEDT", "Plug-and-play\8SSEDT\8SSEDT.vcxproj", "{CAE3FBCC-6732-42C8-B678-2329C285E98A}"
EndProject
Project("{8BC9CEB8-8B4A-11D0-8D11-00A0C91BC942}") = "Marching Parabolas", "Plug-and-play\MarchingParabolas\MarchingParabolas.vcxproj", "{D56EE022-DC52-47ED-9FC1-28DB4F8F56AF}"
EndProject
Project("{8BC9CEB8-8B4A-11D0-8D11-00A0C91BC942}") = "TinyRenderer_Lesson4", "tinyrenderer\Lesson4\Lesson4.vcxproj", "{4C1971BB-856A-46A2-8377-83536189E0AD}"
EndProject
Project("{8BC9CEB8-8B4A-11D0-8D11-00A0C91BC942}") = "TinyRenderer_Lesson3_Extra", "tinyrenderer\Lesson3_Extra\Lesson3_Extra.vcxproj", "{0189D248-F6A7-47F3-AAFC-34A325609CA5}"
EndProject
Project("{8BC9CEB8-8B4A-11D0-8D11-00A0C91BC942}") = "TinyRenderer_Lesson1_Final", "tinyrenderer\Lesson1_Final\Lesson1_Final.vcxproj", "{A8FDB2E5-96E9-4530-B350-038ADA53339A}"
EndProject
Project("{8BC9CEB8-8B4A-11D0-8D11-00A0C91BC942}") = "TinyRenderer_Lesson4_Final", "tinyrenderer\Lesson4_Final\Lesson4_Final.vcxproj", "{446131B7-AE44-40ED-8806-A560021C1B0F}"
EndProject
Project("{8BC9CEB8-8B4A-11D0-8D11-00A0C91BC942}") = "AA-8SSEDT", "Plug-and-play\AA-8SSEDT\AA-8SSEDT.vcxproj", "{3ACE9F33-3275-47F9-B473-48AF123257D1}"
EndProject
Project("{8BC9CEB8-8B4A-11D0-8D11-00A0C91BC942}") = "openGL-cli", "OpenGL\cli\cli.vcxproj", "{A48FD54F-C5F7-4154-9787-A4A3B7B7BFC4}"
EndProject
Project("{8BC9CEB8-8B4A-11D0-8D11-00A0C91BC942}") = "OBB_PCA", "Plug-and-play\OBB-PCA\OBB-PCA.vcxproj", "{50C8101D-B12E-4A55-B109-6BF3DD75951A}"
EndProject
Project("{8BC9CEB8-8B4A-11D0-8D11-00A0C91BC942}") = "test", "Plug-and-play\test\test.vcxproj", "{312C8EA6-F337-433B-9B70-5A5D2CA0237C}"
EndProject
Project("{8BC9CEB8-8B4A-11D0-8D11-00A0C91BC942}") = "Jacobi Iteration", "Plug-and-play\jacobiIteration\jacobiIteration.vcxproj", "{712F0705-57D0-4390-8B78-F1FF6B9DF91A}"
EndProject
Project("{8BC9CEB8-8B4A-11D0-8D11-00A0C91BC942}") = "Uniform Sampling Sphere", "Plug-and-play\Uniform Sampling Sphere\Uniform Sampling Sphere.vcxproj", "{2AC35B3F-7AE3-433C-B83A-275E33B44E23}"
EndProject
Project("{8BC9CEB8-8B4A-11D0-8D11-00A0C91BC942}") = "fibonacci", "Plug-and-play\fibonacci\fibonacci.vcxproj", "{3DB340B6-E21C-435B-8E4D-95642C854CF1}"
EndProject
Project("{8BC9CEB8-8B4A-11D0-8D11-00A0C91BC942}") = "sh", "Plug-and-play\sh\sh.vcxproj", "{9D6E0BF2-BCD9-4B61-BEB0-F680CF3E238C}"
EndProject
Project("{8BC9CEB8-8B4A-11D0-8D11-00A0C91BC942}") = "TinyRenderer_Lesson6", "tinyrenderer\Lesson6\Lesson6.vcxproj", "{D975FB14-F8E6-4A58-91C5-30FD7F48BE03}"
EndProject
Project("{8BC9CEB8-8B4A-11D0-8D11-00A0C91BC942}") = "TinyRenderer_Lesson5", "tinyrenderer\Lesson5\TinyRenderer_Lesson5.vcxproj", "{34861591-DEFB-47A3-9865-AF9134D638C5}"
EndProject
Global
	GlobalSection(SolutionConfigurationPlatforms) = preSolution
		Debug|x64 = Debug|x64
		Debug|x86 = Debug|x86
		Release|x64 = Release|x64
		Release|x86 = Release|x86
	EndGlobalSection
	GlobalSection(ProjectConfigurationPlatforms) = postSolution
		{DEC20B7C-F526-42ED-9C90-C8BEC83A7CFB}.Debug|x64.ActiveCfg = Debug|x64
		{DEC20B7C-F526-42ED-9C90-C8BEC83A7CFB}.Debug|x64.Build.0 = Debug|x64
		{DEC20B7C-F526-42ED-9C90-C8BEC83A7CFB}.Debug|x86.ActiveCfg = Debug|Win32
		{DEC20B7C-F526-42ED-9C90-C8BEC83A7CFB}.Debug|x86.Build.0 = Debug|Win32
		{DEC20B7C-F526-42ED-9C90-C8BEC83A7CFB}.Release|x64.ActiveCfg = Release|x64
		{DEC20B7C-F526-42ED-9C90-C8BEC83A7CFB}.Release|x64.Build.0 = Release|x64
		{DEC20B7C-F526-42ED-9C90-C8BEC83A7CFB}.Release|x86.ActiveCfg = Release|Win32
		{DEC20B7C-F526-42ED-9C90-C8BEC83A7CFB}.Release|x86.Build.0 = Release|Win32
		{A52D454A-C346-4919-8576-A9B716733485}.Debug|x64.ActiveCfg = Debug|x64
		{A52D454A-C346-4919-8576-A9B716733485}.Debug|x64.Build.0 = Debug|x64
		{A52D454A-C346-4919-8576-A9B716733485}.Debug|x86.ActiveCfg = Debug|Win32
		{A52D454A-C346-4919-8576-A9B716733485}.Debug|x86.Build.0 = Debug|Win32
		{A52D454A-C346-4919-8576-A9B716733485}.Release|x64.ActiveCfg = Release|x64
		{A52D454A-C346-4919-8576-A9B716733485}.Release|x64.Build.0 = Release|x64
		{A52D454A-C346-4919-8576-A9B716733485}.Release|x86.ActiveCfg = Release|Win32
		{A52D454A-C346-4919-8576-A9B716733485}.Release|x86.Build.0 = Release|Win32
		{AEAD3643-B07B-437A-ACF7-0CD0A85EB254}.Debug|x64.ActiveCfg = Debug|x64
		{AEAD3643-B07B-437A-ACF7-0CD0A85EB254}.Debug|x64.Build.0 = Debug|x64
		{AEAD3643-B07B-437A-ACF7-0CD0A85EB254}.Debug|x86.ActiveCfg = Debug|Win32
		{AEAD3643-B07B-437A-ACF7-0CD0A85EB254}.Debug|x86.Build.0 = Debug|Win32
		{AEAD3643-B07B-437A-ACF7-0CD0A85EB254}.Release|x64.ActiveCfg = Release|x64
		{AEAD3643-B07B-437A-ACF7-0CD0A85EB254}.Release|x64.Build.0 = Release|x64
		{AEAD3643-B07B-437A-ACF7-0CD0A85EB254}.Release|x86.ActiveCfg = Release|Win32
		{AEAD3643-B07B-437A-ACF7-0CD0A85EB254}.Release|x86.Build.0 = Release|Win32
		{5E7CE633-34A1-49E4-9E68-8CE432A703A5}.Debug|x64.ActiveCfg = Debug|x64
		{5E7CE633-34A1-49E4-9E68-8CE432A703A5}.Debug|x64.Build.0 = Debug|x64
		{5E7CE633-34A1-49E4-9E68-8CE432A703A5}.Debug|x86.ActiveCfg = Debug|Win32
		{5E7CE633-34A1-49E4-9E68-8CE432A703A5}.Debug|x86.Build.0 = Debug|Win32
		{5E7CE633-34A1-49E4-9E68-8CE432A703A5}.Release|x64.ActiveCfg = Release|x64
		{5E7CE633-34A1-49E4-9E68-8CE432A703A5}.Release|x64.Build.0 = Release|x64
		{5E7CE633-34A1-49E4-9E68-8CE432A703A5}.Release|x86.ActiveCfg = Release|Win32
		{5E7CE633-34A1-49E4-9E68-8CE432A703A5}.Release|x86.Build.0 = Release|Win32
		{EEF03060-ED4F-453D-ACE3-C5D1768864FC}.Debug|x64.ActiveCfg = Debug|x64
		{EEF03060-ED4F-453D-ACE3-C5D1768864FC}.Debug|x64.Build.0 = Debug|x64
		{EEF03060-ED4F-453D-ACE3-C5D1768864FC}.Debug|x86.ActiveCfg = Debug|Win32
		{EEF03060-ED4F-453D-ACE3-C5D1768864FC}.Debug|x86.Build.0 = Debug|Win32
		{EEF03060-ED4F-453D-ACE3-C5D1768864FC}.Release|x64.ActiveCfg = Release|x64
		{EEF03060-ED4F-453D-ACE3-C5D1768864FC}.Release|x64.Build.0 = Release|x64
		{EEF03060-ED4F-453D-ACE3-C5D1768864FC}.Release|x86.ActiveCfg = Release|Win32
		{EEF03060-ED4F-453D-ACE3-C5D1768864FC}.Release|x86.Build.0 = Release|Win32
		{D9416893-7D47-4861-9748-84C9EFA09BC0}.Debug|x64.ActiveCfg = Debug|x64
		{D9416893-7D47-4861-9748-84C9EFA09BC0}.Debug|x64.Build.0 = Debug|x64
		{D9416893-7D47-4861-9748-84C9EFA09BC0}.Debug|x86.ActiveCfg = Debug|Win32
		{D9416893-7D47-4861-9748-84C9EFA09BC0}.Debug|x86.Build.0 = Debug|Win32
		{D9416893-7D47-4861-9748-84C9EFA09BC0}.Release|x64.ActiveCfg = Release|x64
		{D9416893-7D47-4861-9748-84C9EFA09BC0}.Release|x64.Build.0 = Release|x64
		{D9416893-7D47-4861-9748-84C9EFA09BC0}.Release|x86.ActiveCfg = Release|Win32
		{D9416893-7D47-4861-9748-84C9EFA09BC0}.Release|x86.Build.0 = Release|Win32
		{D69A7129-96A3-461D-8204-E55F20D05659}.Debug|x64.ActiveCfg = Debug|x64
		{D69A7129-96A3-461D-8204-E55F20D05659}.Debug|x64.Build.0 = Debug|x64
		{D69A7129-96A3-461D-8204-E55F20D05659}.Debug|x86.ActiveCfg = Debug|Win32
		{D69A7129-96A3-461D-8204-E55F20D05659}.Debug|x86.Build.0 = Debug|Win32
		{D69A7129-96A3-461D-8204-E55F20D05659}.Release|x64.ActiveCfg = Release|x64
		{D69A7129-96A3-461D-8204-E55F20D05659}.Release|x64.Build.0 = Release|x64
		{D69A7129-96A3-461D-8204-E55F20D05659}.Release|x86.ActiveCfg = Release|Win32
		{D69A7129-96A3-461D-8204-E55F20D05659}.Release|x86.Build.0 = Release|Win32
		{DA188C6D-9ECE-46F0-975C-1E51D556FB5D}.Debug|x64.ActiveCfg = Debug|x64
		{DA188C6D-9ECE-46F0-975C-1E51D556FB5D}.Debug|x64.Build.0 = Debug|x64
		{DA188C6D-9ECE-46F0-975C-1E51D556FB5D}.Debug|x86.ActiveCfg = Debug|Win32
		{DA188C6D-9ECE-46F0-975C-1E51D556FB5D}.Debug|x86.Build.0 = Debug|Win32
		{DA188C6D-9ECE-46F0-975C-1E51D556FB5D}.Release|x64.ActiveCfg = Release|x64
		{DA188C6D-9ECE-46F0-975C-1E51D556FB5D}.Release|x64.Build.0 = Release|x64
		{DA188C6D-9ECE-46F0-975C-1E51D556FB5D}.Release|x86.ActiveCfg = Release|Win32
		{DA188C6D-9ECE-46F0-975C-1E51D556FB5D}.Release|x86.Build.0 = Release|Win32
		{73A5E2DC-20EF-4648-963E-F3DC60420B0F}.Debug|x64.ActiveCfg = Debug|x64
		{73A5E2DC-20EF-4648-963E-F3DC60420B0F}.Debug|x64.Build.0 = Debug|x64
		{73A5E2DC-20EF-4648-963E-F3DC60420B0F}.Debug|x86.ActiveCfg = Debug|Win32
		{73A5E2DC-20EF-4648-963E-F3DC60420B0F}.Debug|x86.Build.0 = Debug|Win32
		{73A5E2DC-20EF-4648-963E-F3DC60420B0F}.Release|x64.ActiveCfg = Release|x64
		{73A5E2DC-20EF-4648-963E-F3DC60420B0F}.Release|x64.Build.0 = Release|x64
		{73A5E2DC-20EF-4648-963E-F3DC60420B0F}.Release|x86.ActiveCfg = Release|Win32
		{73A5E2DC-20EF-4648-963E-F3DC60420B0F}.Release|x86.Build.0 = Release|Win32
		{FA4C6711-5E10-4FA7-AF8E-7DA8B502E8C9}.Debug|x64.ActiveCfg = Debug|x64
		{FA4C6711-5E10-4FA7-AF8E-7DA8B502E8C9}.Debug|x64.Build.0 = Debug|x64
		{FA4C6711-5E10-4FA7-AF8E-7DA8B502E8C9}.Debug|x86.ActiveCfg = Debug|Win32
		{FA4C6711-5E10-4FA7-AF8E-7DA8B502E8C9}.Debug|x86.Build.0 = Debug|Win32
		{FA4C6711-5E10-4FA7-AF8E-7DA8B502E8C9}.Release|x64.ActiveCfg = Release|x64
		{FA4C6711-5E10-4FA7-AF8E-7DA8B502E8C9}.Release|x64.Build.0 = Release|x64
		{FA4C6711-5E10-4FA7-AF8E-7DA8B502E8C9}.Release|x86.ActiveCfg = Release|Win32
		{FA4C6711-5E10-4FA7-AF8E-7DA8B502E8C9}.Release|x86.Build.0 = Release|Win32
		{732951CB-7BB1-4AC0-9831-C6505D2695B4}.Debug|x64.ActiveCfg = Debug|x64
		{732951CB-7BB1-4AC0-9831-C6505D2695B4}.Debug|x64.Build.0 = Debug|x64
		{732951CB-7BB1-4AC0-9831-C6505D2695B4}.Debug|x86.ActiveCfg = Debug|Win32
		{732951CB-7BB1-4AC0-9831-C6505D2695B4}.Debug|x86.Build.0 = Debug|Win32
		{732951CB-7BB1-4AC0-9831-C6505D2695B4}.Release|x64.ActiveCfg = Release|x64
		{732951CB-7BB1-4AC0-9831-C6505D2695B4}.Release|x64.Build.0 = Release|x64
		{732951CB-7BB1-4AC0-9831-C6505D2695B4}.Release|x86.ActiveCfg = Release|Win32
		{732951CB-7BB1-4AC0-9831-C6505D2695B4}.Release|x86.Build.0 = Release|Win32
		{F8A17DA9-B82B-4961-AD84-BF18026946AD}.Debug|x64.ActiveCfg = Debug|x64
		{F8A17DA9-B82B-4961-AD84-BF18026946AD}.Debug|x64.Build.0 = Debug|x64
		{F8A17DA9-B82B-4961-AD84-BF18026946AD}.Debug|x86.ActiveCfg = Debug|Win32
		{F8A17DA9-B82B-4961-AD84-BF18026946AD}.Debug|x86.Build.0 = Debug|Win32
		{F8A17DA9-B82B-4961-AD84-BF18026946AD}.Release|x64.ActiveCfg = Release|x64
		{F8A17DA9-B82B-4961-AD84-BF18026946AD}.Release|x64.Build.0 = Release|x64
		{F8A17DA9-B82B-4961-AD84-BF18026946AD}.Release|x86.ActiveCfg = Release|Win32
		{F8A17DA9-B82B-4961-AD84-BF18026946AD}.Release|x86.Build.0 = Release|Win32
		{9F2C6D0D-C668-41F7-93FA-DFB1B24B0814}.Debug|x64.ActiveCfg = Debug|x64
		{9F2C6D0D-C668-41F7-93FA-DFB1B24B0814}.Debug|x64.Build.0 = Debug|x64
		{9F2C6D0D-C668-41F7-93FA-DFB1B24B0814}.Debug|x86.ActiveCfg = Debug|Win32
		{9F2C6D0D-C668-41F7-93FA-DFB1B24B0814}.Debug|x86.Build.0 = Debug|Win32
		{9F2C6D0D-C668-41F7-93FA-DFB1B24B0814}.Release|x64.ActiveCfg = Release|x64
		{9F2C6D0D-C668-41F7-93FA-DFB1B24B0814}.Release|x64.Build.0 = Release|x64
		{9F2C6D0D-C668-41F7-93FA-DFB1B24B0814}.Release|x86.ActiveCfg = Release|Win32
		{9F2C6D0D-C668-41F7-93FA-DFB1B24B0814}.Release|x86.Build.0 = Release|Win32
		{9E1FD2AA-25FF-489D-82E1-68148FBA701B}.Debug|x64.ActiveCfg = Debug|x64
		{9E1FD2AA-25FF-489D-82E1-68148FBA701B}.Debug|x64.Build.0 = Debug|x64
		{9E1FD2AA-25FF-489D-82E1-68148FBA701B}.Debug|x86.ActiveCfg = Debug|Win32
		{9E1FD2AA-25FF-489D-82E1-68148FBA701B}.Debug|x86.Build.0 = Debug|Win32
		{9E1FD2AA-25FF-489D-82E1-68148FBA701B}.Release|x64.ActiveCfg = Release|x64
		{9E1FD2AA-25FF-489D-82E1-68148FBA701B}.Release|x64.Build.0 = Release|x64
		{9E1FD2AA-25FF-489D-82E1-68148FBA701B}.Release|x86.ActiveCfg = Release|Win32
		{9E1FD2AA-25FF-489D-82E1-68148FBA701B}.Release|x86.Build.0 = Release|Win32
		{88796D9A-5AA4-4244-992C-8B207DD91F60}.Debug|x64.ActiveCfg = Debug|x64
		{88796D9A-5AA4-4244-992C-8B207DD91F60}.Debug|x64.Build.0 = Debug|x64
		{88796D9A-5AA4-4244-992C-8B207DD91F60}.Debug|x86.ActiveCfg = Debug|Win32
		{88796D9A-5AA4-4244-992C-8B207DD91F60}.Debug|x86.Build.0 = Debug|Win32
		{88796D9A-5AA4-4244-992C-8B207DD91F60}.Release|x64.ActiveCfg = Release|x64
		{88796D9A-5AA4-4244-992C-8B207DD91F60}.Release|x64.Build.0 = Release|x64
		{88796D9A-5AA4-4244-992C-8B207DD91F60}.Release|x86.ActiveCfg = Release|Win32
		{88796D9A-5AA4-4244-992C-8B207DD91F60}.Release|x86.Build.0 = Release|Win32
		{16B2B7BB-758F-40BE-84D1-CC9CA4BBEB6A}.Debug|x64.ActiveCfg = Debug|x64
		{16B2B7BB-758F-40BE-84D1-CC9CA4BBEB6A}.Debug|x64.Build.0 = Debug|x64
		{16B2B7BB-758F-40BE-84D1-CC9CA4BBEB6A}.Debug|x86.ActiveCfg = Debug|Win32
		{16B2B7BB-758F-40BE-84D1-CC9CA4BBEB6A}.Debug|x86.Build.0 = Debug|Win32
		{16B2B7BB-758F-40BE-84D1-CC9CA4BBEB6A}.Release|x64.ActiveCfg = Release|x64
		{16B2B7BB-758F-40BE-84D1-CC9CA4BBEB6A}.Release|x64.Build.0 = Release|x64
		{16B2B7BB-758F-40BE-84D1-CC9CA4BBEB6A}.Release|x86.ActiveCfg = Release|Win32
		{16B2B7BB-758F-40BE-84D1-CC9CA4BBEB6A}.Release|x86.Build.0 = Release|Win32
		{CAE3FBCC-6732-42C8-B678-2329C285E98A}.Debug|x64.ActiveCfg = Debug|x64
		{CAE3FBCC-6732-42C8-B678-2329C285E98A}.Debug|x64.Build.0 = Debug|x64
		{CAE3FBCC-6732-42C8-B678-2329C285E98A}.Debug|x86.ActiveCfg = Debug|Win32
		{CAE3FBCC-6732-42C8-B678-2329C285E98A}.Debug|x86.Build.0 = Debug|Win32
		{CAE3FBCC-6732-42C8-B678-2329C285E98A}.Release|x64.ActiveCfg = Release|x64
		{CAE3FBCC-6732-42C8-B678-2329C285E98A}.Release|x64.Build.0 = Release|x64
		{CAE3FBCC-6732-42C8-B678-2329C285E98A}.Release|x86.ActiveCfg = Release|Win32
		{CAE3FBCC-6732-42C8-B678-2329C285E98A}.Release|x86.Build.0 = Release|Win32
		{D56EE022-DC52-47ED-9FC1-28DB4F8F56AF}.Debug|x64.ActiveCfg = Debug|x64
		{D56EE022-DC52-47ED-9FC1-28DB4F8F56AF}.Debug|x64.Build.0 = Debug|x64
		{D56EE022-DC52-47ED-9FC1-28DB4F8F56AF}.Debug|x86.ActiveCfg = Debug|Win32
		{D56EE022-DC52-47ED-9FC1-28DB4F8F56AF}.Debug|x86.Build.0 = Debug|Win32
		{D56EE022-DC52-47ED-9FC1-28DB4F8F56AF}.Release|x64.ActiveCfg = Release|x64
		{D56EE022-DC52-47ED-9FC1-28DB4F8F56AF}.Release|x64.Build.0 = Release|x64
		{D56EE022-DC52-47ED-9FC1-28DB4F8F56AF}.Release|x86.ActiveCfg = Release|Win32
		{D56EE022-DC52-47ED-9FC1-28DB4F8F56AF}.Release|x86.Build.0 = Release|Win32
		{4C1971BB-856A-46A2-8377-83536189E0AD}.Debug|x64.ActiveCfg = Debug|x64
		{4C1971BB-856A-46A2-8377-83536189E0AD}.Debug|x64.Build.0 = Debug|x64
		{4C1971BB-856A-46A2-8377-83536189E0AD}.Debug|x86.ActiveCfg = Debug|Win32
		{4C1971BB-856A-46A2-8377-83536189E0AD}.Debug|x86.Build.0 = Debug|Win32
		{4C1971BB-856A-46A2-8377-83536189E0AD}.Release|x64.ActiveCfg = Release|x64
		{4C1971BB-856A-46A2-8377-83536189E0AD}.Release|x64.Build.0 = Release|x64
		{4C1971BB-856A-46A2-8377-83536189E0AD}.Release|x86.ActiveCfg = Release|Win32
		{4C1971BB-856A-46A2-8377-83536189E0AD}.Release|x86.Build.0 = Release|Win32
		{0189D248-F6A7-47F3-AAFC-34A325609CA5}.Debug|x64.ActiveCfg = Debug|x64
		{0189D248-F6A7-47F3-AAFC-34A325609CA5}.Debug|x64.Build.0 = Debug|x64
		{0189D248-F6A7-47F3-AAFC-34A325609CA5}.Debug|x86.ActiveCfg = Debug|Win32
		{0189D248-F6A7-47F3-AAFC-34A325609CA5}.Debug|x86.Build.0 = Debug|Win32
		{0189D248-F6A7-47F3-AAFC-34A325609CA5}.Release|x64.ActiveCfg = Release|x64
		{0189D248-F6A7-47F3-AAFC-34A325609CA5}.Release|x64.Build.0 = Release|x64
		{0189D248-F6A7-47F3-AAFC-34A325609CA5}.Release|x86.ActiveCfg = Release|Win32
		{0189D248-F6A7-47F3-AAFC-34A325609CA5}.Release|x86.Build.0 = Release|Win32
		{A8FDB2E5-96E9-4530-B350-038ADA53339A}.Debug|x64.ActiveCfg = Debug|x64
		{A8FDB2E5-96E9-4530-B350-038ADA53339A}.Debug|x64.Build.0 = Debug|x64
		{A8FDB2E5-96E9-4530-B350-038ADA53339A}.Debug|x86.ActiveCfg = Debug|Win32
		{A8FDB2E5-96E9-4530-B350-038ADA53339A}.Debug|x86.Build.0 = Debug|Win32
		{A8FDB2E5-96E9-4530-B350-038ADA53339A}.Release|x64.ActiveCfg = Release|x64
		{A8FDB2E5-96E9-4530-B350-038ADA53339A}.Release|x64.Build.0 = Release|x64
		{A8FDB2E5-96E9-4530-B350-038ADA53339A}.Release|x86.ActiveCfg = Release|Win32
		{A8FDB2E5-96E9-4530-B350-038ADA53339A}.Release|x86.Build.0 = Release|Win32
		{446131B7-AE44-40ED-8806-A560021C1B0F}.Debug|x64.ActiveCfg = Debug|x64
		{446131B7-AE44-40ED-8806-A560021C1B0F}.Debug|x64.Build.0 = Debug|x64
		{446131B7-AE44-40ED-8806-A560021C1B0F}.Debug|x86.ActiveCfg = Debug|Win32
		{446131B7-AE44-40ED-8806-A560021C1B0F}.Debug|x86.Build.0 = Debug|Win32
		{446131B7-AE44-40ED-8806-A560021C1B0F}.Release|x64.ActiveCfg = Release|x64
		{446131B7-AE44-40ED-8806-A560021C1B0F}.Release|x64.Build.0 = Release|x64
		{446131B7-AE44-40ED-8806-A560021C1B0F}.Release|x86.ActiveCfg = Release|Win32
		{446131B7-AE44-40ED-8806-A560021C1B0F}.Release|x86.Build.0 = Release|Win32
		{3ACE9F33-3275-47F9-B473-48AF123257D1}.Debug|x64.ActiveCfg = Debug|x64
		{3ACE9F33-3275-47F9-B473-48AF123257D1}.Debug|x64.Build.0 = Debug|x64
		{3ACE9F33-3275-47F9-B473-48AF123257D1}.Debug|x86.ActiveCfg = Debug|Win32
		{3ACE9F33-3275-47F9-B473-48AF123257D1}.Debug|x86.Build.0 = Debug|Win32
		{3ACE9F33-3275-47F9-B473-48AF123257D1}.Release|x64.ActiveCfg = Release|x64
		{3ACE9F33-3275-47F9-B473-48AF123257D1}.Release|x64.Build.0 = Release|x64
		{3ACE9F33-3275-47F9-B473-48AF123257D1}.Release|x86.ActiveCfg = Release|Win32
		{3ACE9F33-3275-47F9-B473-48AF123257D1}.Release|x86.Build.0 = Release|Win32
		{A48FD54F-C5F7-4154-9787-A4A3B7B7BFC4}.Debug|x64.ActiveCfg = Debug|x64
		{A48FD54F-C5F7-4154-9787-A4A3B7B7BFC4}.Debug|x64.Build.0 = Debug|x64
		{A48FD54F-C5F7-4154-9787-A4A3B7B7BFC4}.Debug|x86.ActiveCfg = Debug|Win32
		{A48FD54F-C5F7-4154-9787-A4A3B7B7BFC4}.Debug|x86.Build.0 = Debug|Win32
		{A48FD54F-C5F7-4154-9787-A4A3B7B7BFC4}.Release|x64.ActiveCfg = Release|x64
		{A48FD54F-C5F7-4154-9787-A4A3B7B7BFC4}.Release|x64.Build.0 = Release|x64
		{A48FD54F-C5F7-4154-9787-A4A3B7B7BFC4}.Release|x86.ActiveCfg = Release|Win32
		{A48FD54F-C5F7-4154-9787-A4A3B7B7BFC4}.Release|x86.Build.0 = Release|Win32
		{50C8101D-B12E-4A55-B109-6BF3DD75951A}.Debug|x64.ActiveCfg = Debug|x64
		{50C8101D-B12E-4A55-B109-6BF3DD75951A}.Debug|x64.Build.0 = Debug|x64
		{50C8101D-B12E-4A55-B109-6BF3DD75951A}.Debug|x86.ActiveCfg = Debug|Win32
		{50C8101D-B12E-4A55-B109-6BF3DD75951A}.Debug|x86.Build.0 = Debug|Win32
		{50C8101D-B12E-4A55-B109-6BF3DD75951A}.Release|x64.ActiveCfg = Release|x64
		{50C8101D-B12E-4A55-B109-6BF3DD75951A}.Release|x64.Build.0 = Release|x64
		{50C8101D-B12E-4A55-B109-6BF3DD75951A}.Release|x86.ActiveCfg = Release|Win32
		{50C8101D-B12E-4A55-B109-6BF3DD75951A}.Release|x86.Build.0 = Release|Win32
		{312C8EA6-F337-433B-9B70-5A5D2CA0237C}.Debug|x64.ActiveCfg = Debug|x64
		{312C8EA6-F337-433B-9B70-5A5D2CA0237C}.Debug|x64.Build.0 = Debug|x64
		{312C8EA6-F337-433B-9B70-5A5D2CA0237C}.Debug|x86.ActiveCfg = Debug|Win32
		{312C8EA6-F337-433B-9B70-5A5D2CA0237C}.Debug|x86.Build.0 = Debug|Win32
		{312C8EA6-F337-433B-9B70-5A5D2CA0237C}.Release|x64.ActiveCfg = Release|x64
		{312C8EA6-F337-433B-9B70-5A5D2CA0237C}.Release|x64.Build.0 = Release|x64
		{312C8EA6-F337-433B-9B70-5A5D2CA0237C}.Release|x86.ActiveCfg = Release|Win32
		{312C8EA6-F337-433B-9B70-5A5D2CA0237C}.Release|x86.Build.0 = Release|Win32
		{712F0705-57D0-4390-8B78-F1FF6B9DF91A}.Debug|x64.ActiveCfg = Debug|x64
		{712F0705-57D0-4390-8B78-F1FF6B9DF91A}.Debug|x64.Build.0 = Debug|x64
		{712F0705-57D0-4390-8B78-F1FF6B9DF91A}.Debug|x86.ActiveCfg = Debug|Win32
		{712F0705-57D0-4390-8B78-F1FF6B9DF91A}.Debug|x86.Build.0 = Debug|Win32
		{712F0705-57D0-4390-8B78-F1FF6B9DF91A}.Release|x64.ActiveCfg = Release|x64
		{712F0705-57D0-4390-8B78-F1FF6B9DF91A}.Release|x64.Build.0 = Release|x64
		{712F0705-57D0-4390-8B78-F1FF6B9DF91A}.Release|x86.ActiveCfg = Release|Win32
		{712F0705-57D0-4390-8B78-F1FF6B9DF91A}.Release|x86.Build.0 = Release|Win32
		{2AC35B3F-7AE3-433C-B83A-275E33B44E23}.Debug|x64.ActiveCfg = Debug|x64
		{2AC35B3F-7AE3-433C-B83A-275E33B44E23}.Debug|x64.Build.0 = Debug|x64
		{2AC35B3F-7AE3-433C-B83A-275E33B44E23}.Debug|x86.ActiveCfg = Debug|Win32
		{2AC35B3F-7AE3-433C-B83A-275E33B44E23}.Debug|x86.Build.0 = Debug|Win32
		{2AC35B3F-7AE3-433C-B83A-275E33B44E23}.Release|x64.ActiveCfg = Release|x64
		{2AC35B3F-7AE3-433C-B83A-275E33B44E23}.Release|x64.Build.0 = Release|x64
		{2AC35B3F-7AE3-433C-B83A-275E33B44E23}.Release|x86.ActiveCfg = Release|Win32
		{2AC35B3F-7AE3-433C-B83A-275E33B44E23}.Release|x86.Build.0 = Release|Win32
		{3DB340B6-E21C-435B-8E4D-95642C854CF1}.Debug|x64.ActiveCfg = Debug|x64
		{3DB340B6-E21C-435B-8E4D-95642C854CF1}.Debug|x64.Build.0 = Debug|x64
		{3DB340B6-E21C-435B-8E4D-95642C854CF1}.Debug|x86.ActiveCfg = Debug|Win32
		{3DB340B6-E21C-435B-8E4D-95642C854CF1}.Debug|x86.Build.0 = Debug|Win32
		{3DB340B6-E21C-435B-8E4D-95642C854CF1}.Release|x64.ActiveCfg = Release|x64
		{3DB340B6-E21C-435B-8E4D-95642C854CF1}.Release|x64.Build.0 = Release|x64
		{3DB340B6-E21C-435B-8E4D-95642C854CF1}.Release|x86.ActiveCfg = Release|Win32
		{3DB340B6-E21C-435B-8E4D-95642C854CF1}.Release|x86.Build.0 = Release|Win32
		{9D6E0BF2-BCD9-4B61-BEB0-F680CF3E238C}.Debug|x64.ActiveCfg = Debug|x64
		{9D6E0BF2-BCD9-4B61-BEB0-F680CF3E238C}.Debug|x64.Build.0 = Debug|x64
		{9D6E0BF2-BCD9-4B61-BEB0-F680CF3E238C}.Debug|x86.ActiveCfg = Debug|Win32
		{9D6E0BF2-BCD9-4B61-BEB0-F680CF3E238C}.Debug|x86.Build.0 = Debug|Win32
		{9D6E0BF2-BCD9-4B61-BEB0-F680CF3E238C}.Release|x64.ActiveCfg = Release|x64
		{9D6E0BF2-BCD9-4B61-BEB0-F680CF3E238C}.Release|x64.Build.0 = Release|x64
		{9D6E0BF2-BCD9-4B61-BEB0-F680CF3E238C}.Release|x86.ActiveCfg = Release|Win32
		{9D6E0BF2-BCD9-4B61-BEB0-F680CF3E238C}.Release|x86.Build.0 = Release|Win32
		{D975FB14-F8E6-4A58-91C5-30FD7F48BE03}.Debug|x64.ActiveCfg = Debug|x64
		{D975FB14-F8E6-4A58-91C5-30FD7F48BE03}.Debug|x64.Build.0 = Debug|x64
		{D975FB14-F8E6-4A58-91C5-30FD7F48BE03}.Debug|x86.ActiveCfg = Debug|Win32
		{D975FB14-F8E6-4A58-91C5-30FD7F48BE03}.Debug|x86.Build.0 = Debug|Win32
		{D975FB14-F8E6-4A58-91C5-30FD7F48BE03}.Release|x64.ActiveCfg = Release|x64
		{D975FB14-F8E6-4A58-91C5-30FD7F48BE03}.Release|x64.Build.0 = Release|x64
		{D975FB14-F8E6-4A58-91C5-30FD7F48BE03}.Release|x86.ActiveCfg = Release|Win32
		{D975FB14-F8E6-4A58-91C5-30FD7F48BE03}.Release|x86.Build.0 = Release|Win32
		{34861591-DEFB-47A3-9865-AF9134D638C5}.Debug|x64.ActiveCfg = Debug|x64
		{34861591-DEFB-47A3-9865-AF9134D638C5}.Debug|x64.Build.0 = Debug|x64
		{34861591-DEFB-47A3-9865-AF9134D638C5}.Debug|x86.ActiveCfg = Debug|Win32
		{34861591-DEFB-47A3-9865-AF9134D638C5}.Debug|x86.Build.0 = Debug|Win32
		{34861591-DEFB-47A3-9865-AF9134D638C5}.Release|x64.ActiveCfg = Release|x64
		{34861591-DEFB-47A3-9865-AF9134D638C5}.Release|x64.Build.0 = Release|x64
		{34861591-DEFB-47A3-9865-AF9134D638C5}.Release|x86.ActiveCfg = Release|Win32
		{34861591-DEFB-47A3-9865-AF9134D638C5}.Release|x86.Build.0 = Release|Win32
	EndGlobalSection
	GlobalSection(SolutionProperties) = preSolution
		HideSolutionNode = FALSE
	EndGlobalSection
	GlobalSection(ExtensibilityGlobals) = postSolution
		SolutionGuid = {E438652E-703A-450A-BCC4-D229317B4575}
	EndGlobalSection
EndGlobal
