<?xml version="1.0" encoding="utf-8"?>
<Project ToolsVersion="4.0" xmlns="http://schemas.microsoft.com/developer/msbuild/2003">
  <ItemGroup>
    <Filter Include="hpp">
      <UniqueIdentifier>{93995380-89BD-4b04-88EB-625FBE52EBFB}</UniqueIdentifier>
      <Extensions>h;hh;hpp;hxx;h++;hm;inl;inc;ipp;xsd</Extensions>
    </Filter>
    <Filter Include="cpp">
      <UniqueIdentifier>{4FC737F1-C7A5-4376-A066-2A32D752A2FF}</UniqueIdentifier>
      <Extensions>cpp;c;cc;cxx;c++;cppm;ixx;def;odl;idl;hpj;bat;asm;asmx</Extensions>
    </Filter>
    <Filter Include="source">
      <UniqueIdentifier>{67DA6AB6-F800-4c08-8B7A-83BB121AAD01}</UniqueIdentifier>
      <Extensions>rc;ico;cur;bmp;dlg;rc2;rct;bin;rgs;gif;jpg;jpeg;jpe;resx;tiff;tif;png;wav;mfcribbon-ms</Extensions>
    </Filter>
    <Filter Include="shader">
      <UniqueIdentifier>{9ac90105-110d-4f75-ae4e-604298d86a36}</UniqueIdentifier>
    </Filter>
    <Filter Include="imgui">
      <UniqueIdentifier>{aa17cbde-93a6-4282-a261-7f750bd06ac9}</UniqueIdentifier>
    </Filter>
    <Filter Include="common">
      <UniqueIdentifier>{64e28e2f-c8c9-4cda-9bf2-afa78e40d425}</UniqueIdentifier>
    </Filter>
    <Filter Include="config">
      <UniqueIdentifier>{17cad509-62ee-4850-830f-d1a3d6448948}</UniqueIdentifier>
    </Filter>
    <Filter Include="render_object">
      <UniqueIdentifier>{948e6f1a-71d0-482a-aba7-e15cd32c50ca}</UniqueIdentifier>
    </Filter>
  </ItemGroup>
  <ItemGroup>
    <ClCompile Include="src\main.cpp">
      <Filter>cpp</Filter>
    </ClCompile>
    <ClCompile Include="..\common\glad.c">
      <Filter>cpp</Filter>
    </ClCompile>
    <ClCompile Include="..\..\includes\imgui\imgui_draw.cpp">
      <Filter>imgui</Filter>
    </ClCompile>
    <ClCompile Include="..\..\includes\imgui\imgui_impl_glfw.cpp">
      <Filter>imgui</Filter>
    </ClCompile>
    <ClCompile Include="..\..\includes\imgui\imgui_impl_opengl3.cpp">
      <Filter>imgui</Filter>
    </ClCompile>
    <ClCompile Include="..\..\includes\imgui\imgui_tables.cpp">
      <Filter>imgui</Filter>
    </ClCompile>
    <ClCompile Include="..\..\includes\imgui\imgui_widgets.cpp">
      <Filter>imgui</Filter>
    </ClCompile>
    <ClCompile Include="..\..\includes\imgui\imgui.cpp">
      <Filter>imgui</Filter>
    </ClCompile>
    <ClCompile Include="..\..\includes\imgui\imgui_demo.cpp">
      <Filter>imgui</Filter>
    </ClCompile>
    <ClCompile Include="..\common\vertexbuffer.cpp">
      <Filter>common</Filter>
    </ClCompile>
  </ItemGroup>
  <ItemGroup>
    <ClInclude Include="..\..\includes\imgui\imgui_impl_glfw.h">
      <Filter>imgui</Filter>
    </ClInclude>
    <ClInclude Include="..\..\includes\imgui\imgui_impl_opengl3.h">
      <Filter>imgui</Filter>
    </ClInclude>
    <ClInclude Include="..\..\includes\imgui\imgui_impl_opengl3_loader.h">
      <Filter>imgui</Filter>
    </ClInclude>
    <ClInclude Include="..\..\includes\imgui\imgui_internal.h">
      <Filter>imgui</Filter>
    </ClInclude>
    <ClInclude Include="..\..\includes\imgui\imstb_rectpack.h">
      <Filter>imgui</Filter>
    </ClInclude>
    <ClInclude Include="..\..\includes\imgui\imstb_textedit.h">
      <Filter>imgui</Filter>
    </ClInclude>
    <ClInclude Include="..\..\includes\imgui\imstb_truetype.h">
      <Filter>imgui</Filter>
    </ClInclude>
    <ClInclude Include="..\..\includes\imgui\imconfig.h">
      <Filter>imgui</Filter>
    </ClInclude>
    <ClInclude Include="..\..\includes\imgui\imgui.h">
      <Filter>imgui</Filter>
    </ClInclude>
    <ClInclude Include="src\callback.h">
      <Filter>hpp</Filter>
    </ClInclude>
    <ClInclude Include="..\common\camera.h">
      <Filter>common</Filter>
    </ClInclude>
    <ClInclude Include="..\common\glfw_mgr.h">
      <Filter>common</Filter>
    </ClInclude>
    <ClInclude Include="src\imgui_mgr.h">
      <Filter>common</Filter>
    </ClInclude>
    <ClInclude Include="..\common\render_object.h">
      <Filter>common</Filter>
    </ClInclude>
    <ClInclude Include="..\common\shader_s.h">
      <Filter>common</Filter>
    </ClInclude>
    <ClInclude Include="..\..\includes\stb\stb_image.h">
      <Filter>common</Filter>
    </ClInclude>
    <ClInclude Include="..\common\texture.h">
      <Filter>common</Filter>
    </ClInclude>
    <ClInclude Include="..\common\vertexbuffer.h">
      <Filter>common</Filter>
    </ClInclude>
    <ClInclude Include="src\aabb.h">
      <Filter>hpp</Filter>
    </ClInclude>
    <ClInclude Include="..\common\shader_c.h">
      <Filter>common</Filter>
    </ClInclude>
    <ClInclude Include="src\config_parser.h">
      <Filter>hpp</Filter>
    </ClInclude>
    <ClInclude Include="src\render_object\ellipsoid_obj.h">
      <Filter>render_object</Filter>
    </ClInclude>
    <ClInclude Include="src\render_object\rectangle2d_obj.h">
      <Filter>render_object</Filter>
    </ClInclude>
    <ClInclude Include="src\render_object\register_obj.h">
      <Filter>render_object</Filter>
    </ClInclude>
    <ClInclude Include="src\render_object\common.h">
      <Filter>render_object</Filter>
    </ClInclude>
    <ClInclude Include="src\render_object\sphere_obj.h">
      <Filter>render_object</Filter>
    </ClInclude>
    <ClInclude Include="src\render_object\aabb_obj.h">
      <Filter>render_object</Filter>
    </ClInclude>
    <ClInclude Include="src\render_object\axis_obj.h">
      <Filter>render_object</Filter>
    </ClInclude>
    <ClInclude Include="src\render_object\box3d_obj.h">
      <Filter>render_object</Filter>
    </ClInclude>
  </ItemGroup>
  <ItemGroup>
    <None Include="shader\axis_fs.glsl">
      <Filter>shader</Filter>
    </None>
    <None Include="shader\axis_vs.glsl">
      <Filter>shader</Filter>
    </None>
    <None Include="shader\box_fs.glsl">
      <Filter>shader</Filter>
    </None>
    <None Include="shader\box_vs.glsl">
      <Filter>shader</Filter>
    </None>
    <None Include="shader\rect_fs.glsl">
      <Filter>shader</Filter>
    </None>
    <None Include="shader\rect_vs.glsl">
      <Filter>shader</Filter>
    </None>
    <None Include="shader\sphere_vs.glsl">
      <Filter>shader</Filter>
    </None>
    <None Include="shader\sphere_fs.glsl">
      <Filter>shader</Filter>
    </None>
    <None Include="shader\aabb_fs.glsl">
      <Filter>shader</Filter>
    </None>
    <None Include="shader\aabb_vs.glsl">
      <Filter>shader</Filter>
    </None>
    <None Include="config\box.json">
      <Filter>config</Filter>
    </None>
    <None Include="config\sphere.json">
      <Filter>config</Filter>
    </None>
  </ItemGroup>
  <ItemGroup>
    <Image Include="textures\container.jpg">
      <Filter>source</Filter>
    </Image>
    <Image Include="textures\awesomeface.png">
      <Filter>source</Filter>
    </Image>
  </ItemGroup>
</Project>